// !$*UTF8*$!
{
	archiveVersion = 1;
	classes = {
	};
	objectVersion = 56;
	objects = {

/* Begin PBXBuildFile section */
		F676D56E2A582195008E9400 /* AppDelegate.swift in Sources */ = {isa = PBXBuildFile; fileRef = F676D56D2A582195008E9400 /* AppDelegate.swift */; };
		F676D5702A582195008E9400 /* SceneDelegate.swift in Sources */ = {isa = PBXBuildFile; fileRef = F676D56F2A582195008E9400 /* SceneDelegate.swift */; };
		F676D5772A582196008E9400 /* Assets.xcassets in Resources */ = {isa = PBXBuildFile; fileRef = F676D5762A582196008E9400 /* Assets.xcassets */; };
		F676D57A2A582196008E9400 /* LaunchScreen.storyboard in Resources */ = {isa = PBXBuildFile; fileRef = F676D5782A582196008E9400 /* LaunchScreen.storyboard */; };
		F676D5822A582B58008E9400 /* APIKey.swift in Sources */ = {isa = PBXBuildFile; fileRef = F676D5812A582B58008E9400 /* APIKey.swift */; };
		F676D58B2A582D85008E9400 /* MainViewController.swift in Sources */ = {isa = PBXBuildFile; fileRef = F676D58A2A582D85008E9400 /* MainViewController.swift */; };
		F676D58D2A582D8B008E9400 /* MainView.swift in Sources */ = {isa = PBXBuildFile; fileRef = F676D58C2A582D8B008E9400 /* MainView.swift */; };
		F676D5902A582E5D008E9400 /* Then in Frameworks */ = {isa = PBXBuildFile; productRef = F676D58F2A582E5D008E9400 /* Then */; };
		F676D5932A582E67008E9400 /* SnapKit in Frameworks */ = {isa = PBXBuildFile; productRef = F676D5922A582E67008E9400 /* SnapKit */; };
		F676D5962A582E7D008E9400 /* RxCocoa in Frameworks */ = {isa = PBXBuildFile; productRef = F676D5952A582E7D008E9400 /* RxCocoa */; };
		F676D5982A582E7D008E9400 /* RxSwift in Frameworks */ = {isa = PBXBuildFile; productRef = F676D5972A582E7D008E9400 /* RxSwift */; };
		F676D59C2A582EF0008E9400 /* BaseView.swift in Sources */ = {isa = PBXBuildFile; fileRef = F676D59B2A582EF0008E9400 /* BaseView.swift */; };
		F676D59E2A582EF5008E9400 /* BaseViewController.swift in Sources */ = {isa = PBXBuildFile; fileRef = F676D59D2A582EF5008E9400 /* BaseViewController.swift */; };
		F676D5A02A582EFB008E9400 /* BaseTableViewCell.swift in Sources */ = {isa = PBXBuildFile; fileRef = F676D59F2A582EFB008E9400 /* BaseTableViewCell.swift */; };
		F676D5A32A582F56008E9400 /* Protocol.swift in Sources */ = {isa = PBXBuildFile; fileRef = F676D5A22A582F56008E9400 /* Protocol.swift */; };
		F676D5A62A583031008E9400 /* Cell+Ex.swift in Sources */ = {isa = PBXBuildFile; fileRef = F676D5A52A583031008E9400 /* Cell+Ex.swift */; };
		F676D5B02A583A25008E9400 /* MainCollectionViewCell.swift in Sources */ = {isa = PBXBuildFile; fileRef = F676D5AF2A583A25008E9400 /* MainCollectionViewCell.swift */; };
		F676D5B22A583A64008E9400 /* BaseCollectionViewCell.swift in Sources */ = {isa = PBXBuildFile; fileRef = F676D5B12A583A64008E9400 /* BaseCollectionViewCell.swift */; };
		F676D5B42A585446008E9400 /* MainViewModel.swift in Sources */ = {isa = PBXBuildFile; fileRef = F676D5B32A585446008E9400 /* MainViewModel.swift */; };
		F676D5BC2A58594B008E9400 /* MainUseCase.swift in Sources */ = {isa = PBXBuildFile; fileRef = F676D5BB2A58594B008E9400 /* MainUseCase.swift */; };
		F676D5C22A585CA7008E9400 /* MovieResponse.swift in Sources */ = {isa = PBXBuildFile; fileRef = F676D5C12A585CA7008E9400 /* MovieResponse.swift */; };
		F676D5C42A585CAE008E9400 /* CastResponse.swift in Sources */ = {isa = PBXBuildFile; fileRef = F676D5C32A585CAE008E9400 /* CastResponse.swift */; };
		F676D5C62A585CDE008E9400 /* VideoResponse.swift in Sources */ = {isa = PBXBuildFile; fileRef = F676D5C52A585CDE008E9400 /* VideoResponse.swift */; };
		F676D5C82A585DF1008E9400 /* TMDBRepository.swift in Sources */ = {isa = PBXBuildFile; fileRef = F676D5C72A585DF1008E9400 /* TMDBRepository.swift */; };
		F676D5CB2A585EA4008E9400 /* Moya in Frameworks */ = {isa = PBXBuildFile; productRef = F676D5CA2A585EA4008E9400 /* Moya */; };
		F676D5CE2A585F66008E9400 /* TMDBTarget.swift in Sources */ = {isa = PBXBuildFile; fileRef = F676D5CD2A585F66008E9400 /* TMDBTarget.swift */; };
		F676D5D02A5861B9008E9400 /* EndPoint.swift in Sources */ = {isa = PBXBuildFile; fileRef = F676D5CF2A5861B9008E9400 /* EndPoint.swift */; };
		F676D5D22A5942B6008E9400 /* TMDBRepositoryType.swift in Sources */ = {isa = PBXBuildFile; fileRef = F676D5D12A5942B6008E9400 /* TMDBRepositoryType.swift */; };
		F676D5D42A595281008E9400 /* MovieResponseDTO.swift in Sources */ = {isa = PBXBuildFile; fileRef = F676D5D32A595281008E9400 /* MovieResponseDTO.swift */; };
		F676D5FE2A5BE328008E9400 /* DetailViewModel.swift in Sources */ = {isa = PBXBuildFile; fileRef = F676D5FD2A5BE328008E9400 /* DetailViewModel.swift */; };
		F676D6002A5BE334008E9400 /* DetailView.swift in Sources */ = {isa = PBXBuildFile; fileRef = F676D5FF2A5BE334008E9400 /* DetailView.swift */; };
		F676D6022A5BE33A008E9400 /* DetailViewController.swift in Sources */ = {isa = PBXBuildFile; fileRef = F676D6012A5BE33A008E9400 /* DetailViewController.swift */; };
		F676D6052A5BE36C008E9400 /* OverViewTableViewCell.swift in Sources */ = {isa = PBXBuildFile; fileRef = F676D6042A5BE36C008E9400 /* OverViewTableViewCell.swift */; };
		F676D6072A5BE374008E9400 /* CastTableViewCell.swift in Sources */ = {isa = PBXBuildFile; fileRef = F676D6062A5BE374008E9400 /* CastTableViewCell.swift */; };
		F676D6092A5BE389008E9400 /* DetailHeaderView.swift in Sources */ = {isa = PBXBuildFile; fileRef = F676D6082A5BE389008E9400 /* DetailHeaderView.swift */; };
		F676D60C2A5BEA41008E9400 /* DetailUseCase.swift in Sources */ = {isa = PBXBuildFile; fileRef = F676D60B2A5BEA41008E9400 /* DetailUseCase.swift */; };
		F676D6112A5C0CE5008E9400 /* Differentiator in Frameworks */ = {isa = PBXBuildFile; productRef = F676D6102A5C0CE5008E9400 /* Differentiator */; };
		F676D6132A5C0CE5008E9400 /* RxDataSources in Frameworks */ = {isa = PBXBuildFile; productRef = F676D6122A5C0CE5008E9400 /* RxDataSources */; };
		F676D6152A5C15E8008E9400 /* SectionModel.swift in Sources */ = {isa = PBXBuildFile; fileRef = F676D6142A5C15E8008E9400 /* SectionModel.swift */; };
		F676D6182A5C6EED008E9400 /* CastResponseDTO.swift in Sources */ = {isa = PBXBuildFile; fileRef = F676D6172A5C6EED008E9400 /* CastResponseDTO.swift */; };
		F676D61A2A5D7B02008E9400 /* GenreResponse.swift in Sources */ = {isa = PBXBuildFile; fileRef = F676D6192A5D7B02008E9400 /* GenreResponse.swift */; };
		F676D61C2A5D7B46008E9400 /* GenreResponseDTO.swift in Sources */ = {isa = PBXBuildFile; fileRef = F676D61B2A5D7B45008E9400 /* GenreResponseDTO.swift */; };
		F6D3D23E2A7388EB00FE38B3 /* Realm in Frameworks */ = {isa = PBXBuildFile; productRef = F6D3D23D2A7388EB00FE38B3 /* Realm */; };
		F6D3D2402A7388EB00FE38B3 /* RealmSwift in Frameworks */ = {isa = PBXBuildFile; productRef = F6D3D23F2A7388EB00FE38B3 /* RealmSwift */; };
		F6D3D2432A7389BC00FE38B3 /* TabBarPageCase.swift in Sources */ = {isa = PBXBuildFile; fileRef = F6D3D2422A7389BC00FE38B3 /* TabBarPageCase.swift */; };
		F6D3D2492A738A4800FE38B3 /* Coordinator.swift in Sources */ = {isa = PBXBuildFile; fileRef = F6D3D2482A738A4800FE38B3 /* Coordinator.swift */; };
		F6D3D24B2A738A4E00FE38B3 /* CoordinatorDelegate.swift in Sources */ = {isa = PBXBuildFile; fileRef = F6D3D24A2A738A4E00FE38B3 /* CoordinatorDelegate.swift */; };
		F6D3D24D2A738A5500FE38B3 /* AppCoordinator.swift in Sources */ = {isa = PBXBuildFile; fileRef = F6D3D24C2A738A5500FE38B3 /* AppCoordinator.swift */; };
		F6D3D24F2A738C0500FE38B3 /* CoordinatorCase.swift in Sources */ = {isa = PBXBuildFile; fileRef = F6D3D24E2A738C0500FE38B3 /* CoordinatorCase.swift */; };
		F6D3D2512A738FA700FE38B3 /* AppAppearance.swift in Sources */ = {isa = PBXBuildFile; fileRef = F6D3D2502A738FA700FE38B3 /* AppAppearance.swift */; };
		F6D3D2562A73910E00FE38B3 /* TabBarCoordinator.swift in Sources */ = {isa = PBXBuildFile; fileRef = F6D3D2552A73910E00FE38B3 /* TabBarCoordinator.swift */; };
		F6D3D2582A73912700FE38B3 /* HomeCoordinator.swift in Sources */ = {isa = PBXBuildFile; fileRef = F6D3D2572A73912700FE38B3 /* HomeCoordinator.swift */; };
		F6D3D25E2A73916600FE38B3 /* MyPageCoordinator.swift in Sources */ = {isa = PBXBuildFile; fileRef = F6D3D25D2A73916600FE38B3 /* MyPageCoordinator.swift */; };
		F6D3D2602A73916B00FE38B3 /* MyPageViewModel.swift in Sources */ = {isa = PBXBuildFile; fileRef = F6D3D25F2A73916B00FE38B3 /* MyPageViewModel.swift */; };
		F6D3D2622A73917700FE38B3 /* MyPageViewController.swift in Sources */ = {isa = PBXBuildFile; fileRef = F6D3D2612A73917700FE38B3 /* MyPageViewController.swift */; };
		F6D3D2642A73918500FE38B3 /* MyPageView.swift in Sources */ = {isa = PBXBuildFile; fileRef = F6D3D2632A73918500FE38B3 /* MyPageView.swift */; };
		F6D3D2672A7391BB00FE38B3 /* MyPageCollectionViewCell.swift in Sources */ = {isa = PBXBuildFile; fileRef = F6D3D2662A7391BB00FE38B3 /* MyPageCollectionViewCell.swift */; };
		F6D3D2692A73BAD200FE38B3 /* HeaderViewTableViewCell.swift in Sources */ = {isa = PBXBuildFile; fileRef = F6D3D2682A73BAD200FE38B3 /* HeaderViewTableViewCell.swift */; };
		F6D3D26C2A73C56200FE38B3 /* Toast in Frameworks */ = {isa = PBXBuildFile; productRef = F6D3D26B2A73C56200FE38B3 /* Toast */; };
		F6D3D2702A73CC7600FE38B3 /* RealmStorage.swift in Sources */ = {isa = PBXBuildFile; fileRef = F6D3D26F2A73CC7600FE38B3 /* RealmStorage.swift */; };
		F6D3D2722A73CC8E00FE38B3 /* FavoriteListRealmDTO.swift in Sources */ = {isa = PBXBuildFile; fileRef = F6D3D2712A73CC8E00FE38B3 /* FavoriteListRealmDTO.swift */; };
		F6D3D2742A73D22600FE38B3 /* RealmRepository.swift in Sources */ = {isa = PBXBuildFile; fileRef = F6D3D2732A73D22600FE38B3 /* RealmRepository.swift */; };
		F6D3D2762A73D25E00FE38B3 /* RealmRepositoryType.swift in Sources */ = {isa = PBXBuildFile; fileRef = F6D3D2752A73D25E00FE38B3 /* RealmRepositoryType.swift */; };
		F6D3D2792A73E1D600FE38B3 /* FavoriteListUseCase.swift in Sources */ = {isa = PBXBuildFile; fileRef = F6D3D2782A73E1D600FE38B3 /* FavoriteListUseCase.swift */; };
/* End PBXBuildFile section */

/* Begin PBXFileReference section */
		F676D56A2A582195008E9400 /* CleanArchitecturePractice.app */ = {isa = PBXFileReference; explicitFileType = wrapper.application; includeInIndex = 0; path = CleanArchitecturePractice.app; sourceTree = BUILT_PRODUCTS_DIR; };
		F676D56D2A582195008E9400 /* AppDelegate.swift */ = {isa = PBXFileReference; lastKnownFileType = sourcecode.swift; path = AppDelegate.swift; sourceTree = "<group>"; };
		F676D56F2A582195008E9400 /* SceneDelegate.swift */ = {isa = PBXFileReference; lastKnownFileType = sourcecode.swift; path = SceneDelegate.swift; sourceTree = "<group>"; };
		F676D5762A582196008E9400 /* Assets.xcassets */ = {isa = PBXFileReference; lastKnownFileType = folder.assetcatalog; path = Assets.xcassets; sourceTree = "<group>"; };
		F676D5792A582196008E9400 /* Base */ = {isa = PBXFileReference; lastKnownFileType = file.storyboard; name = Base; path = Base.lproj/LaunchScreen.storyboard; sourceTree = "<group>"; };
		F676D57B2A582196008E9400 /* Info.plist */ = {isa = PBXFileReference; lastKnownFileType = text.plist.xml; path = Info.plist; sourceTree = "<group>"; };
		F676D5812A582B58008E9400 /* APIKey.swift */ = {isa = PBXFileReference; lastKnownFileType = sourcecode.swift; path = APIKey.swift; sourceTree = "<group>"; };
		F676D58A2A582D85008E9400 /* MainViewController.swift */ = {isa = PBXFileReference; lastKnownFileType = sourcecode.swift; path = MainViewController.swift; sourceTree = "<group>"; };
		F676D58C2A582D8B008E9400 /* MainView.swift */ = {isa = PBXFileReference; lastKnownFileType = sourcecode.swift; path = MainView.swift; sourceTree = "<group>"; };
		F676D59B2A582EF0008E9400 /* BaseView.swift */ = {isa = PBXFileReference; fileEncoding = 4; lastKnownFileType = sourcecode.swift; path = BaseView.swift; sourceTree = "<group>"; };
		F676D59D2A582EF5008E9400 /* BaseViewController.swift */ = {isa = PBXFileReference; fileEncoding = 4; lastKnownFileType = sourcecode.swift; path = BaseViewController.swift; sourceTree = "<group>"; };
		F676D59F2A582EFB008E9400 /* BaseTableViewCell.swift */ = {isa = PBXFileReference; fileEncoding = 4; lastKnownFileType = sourcecode.swift; path = BaseTableViewCell.swift; sourceTree = "<group>"; };
		F676D5A22A582F56008E9400 /* Protocol.swift */ = {isa = PBXFileReference; lastKnownFileType = sourcecode.swift; path = Protocol.swift; sourceTree = "<group>"; };
		F676D5A52A583031008E9400 /* Cell+Ex.swift */ = {isa = PBXFileReference; lastKnownFileType = sourcecode.swift; path = "Cell+Ex.swift"; sourceTree = "<group>"; };
		F676D5AF2A583A25008E9400 /* MainCollectionViewCell.swift */ = {isa = PBXFileReference; lastKnownFileType = sourcecode.swift; path = MainCollectionViewCell.swift; sourceTree = "<group>"; };
		F676D5B12A583A64008E9400 /* BaseCollectionViewCell.swift */ = {isa = PBXFileReference; lastKnownFileType = sourcecode.swift; path = BaseCollectionViewCell.swift; sourceTree = "<group>"; };
		F676D5B32A585446008E9400 /* MainViewModel.swift */ = {isa = PBXFileReference; lastKnownFileType = sourcecode.swift; path = MainViewModel.swift; sourceTree = "<group>"; };
		F676D5BB2A58594B008E9400 /* MainUseCase.swift */ = {isa = PBXFileReference; lastKnownFileType = sourcecode.swift; path = MainUseCase.swift; sourceTree = "<group>"; };
		F676D5C12A585CA7008E9400 /* MovieResponse.swift */ = {isa = PBXFileReference; lastKnownFileType = sourcecode.swift; path = MovieResponse.swift; sourceTree = "<group>"; };
		F676D5C32A585CAE008E9400 /* CastResponse.swift */ = {isa = PBXFileReference; lastKnownFileType = sourcecode.swift; path = CastResponse.swift; sourceTree = "<group>"; };
		F676D5C52A585CDE008E9400 /* VideoResponse.swift */ = {isa = PBXFileReference; lastKnownFileType = sourcecode.swift; path = VideoResponse.swift; sourceTree = "<group>"; };
		F676D5C72A585DF1008E9400 /* TMDBRepository.swift */ = {isa = PBXFileReference; lastKnownFileType = sourcecode.swift; path = TMDBRepository.swift; sourceTree = "<group>"; };
		F676D5CD2A585F66008E9400 /* TMDBTarget.swift */ = {isa = PBXFileReference; lastKnownFileType = sourcecode.swift; path = TMDBTarget.swift; sourceTree = "<group>"; };
		F676D5CF2A5861B9008E9400 /* EndPoint.swift */ = {isa = PBXFileReference; lastKnownFileType = sourcecode.swift; path = EndPoint.swift; sourceTree = "<group>"; };
		F676D5D12A5942B6008E9400 /* TMDBRepositoryType.swift */ = {isa = PBXFileReference; lastKnownFileType = sourcecode.swift; path = TMDBRepositoryType.swift; sourceTree = "<group>"; };
		F676D5D32A595281008E9400 /* MovieResponseDTO.swift */ = {isa = PBXFileReference; lastKnownFileType = sourcecode.swift; path = MovieResponseDTO.swift; sourceTree = "<group>"; };
		F676D5FD2A5BE328008E9400 /* DetailViewModel.swift */ = {isa = PBXFileReference; lastKnownFileType = sourcecode.swift; path = DetailViewModel.swift; sourceTree = "<group>"; };
		F676D5FF2A5BE334008E9400 /* DetailView.swift */ = {isa = PBXFileReference; lastKnownFileType = sourcecode.swift; path = DetailView.swift; sourceTree = "<group>"; };
		F676D6012A5BE33A008E9400 /* DetailViewController.swift */ = {isa = PBXFileReference; lastKnownFileType = sourcecode.swift; path = DetailViewController.swift; sourceTree = "<group>"; };
		F676D6042A5BE36C008E9400 /* OverViewTableViewCell.swift */ = {isa = PBXFileReference; lastKnownFileType = sourcecode.swift; path = OverViewTableViewCell.swift; sourceTree = "<group>"; };
		F676D6062A5BE374008E9400 /* CastTableViewCell.swift */ = {isa = PBXFileReference; lastKnownFileType = sourcecode.swift; path = CastTableViewCell.swift; sourceTree = "<group>"; };
		F676D6082A5BE389008E9400 /* DetailHeaderView.swift */ = {isa = PBXFileReference; lastKnownFileType = sourcecode.swift; path = DetailHeaderView.swift; sourceTree = "<group>"; };
		F676D60B2A5BEA41008E9400 /* DetailUseCase.swift */ = {isa = PBXFileReference; lastKnownFileType = sourcecode.swift; path = DetailUseCase.swift; sourceTree = "<group>"; };
		F676D6142A5C15E8008E9400 /* SectionModel.swift */ = {isa = PBXFileReference; lastKnownFileType = sourcecode.swift; path = SectionModel.swift; sourceTree = "<group>"; };
		F676D6172A5C6EED008E9400 /* CastResponseDTO.swift */ = {isa = PBXFileReference; lastKnownFileType = sourcecode.swift; path = CastResponseDTO.swift; sourceTree = "<group>"; };
		F676D6192A5D7B02008E9400 /* GenreResponse.swift */ = {isa = PBXFileReference; lastKnownFileType = sourcecode.swift; path = GenreResponse.swift; sourceTree = "<group>"; };
		F676D61B2A5D7B45008E9400 /* GenreResponseDTO.swift */ = {isa = PBXFileReference; lastKnownFileType = sourcecode.swift; path = GenreResponseDTO.swift; sourceTree = "<group>"; };
		F6D3D2422A7389BC00FE38B3 /* TabBarPageCase.swift */ = {isa = PBXFileReference; lastKnownFileType = sourcecode.swift; path = TabBarPageCase.swift; sourceTree = "<group>"; };
		F6D3D2482A738A4800FE38B3 /* Coordinator.swift */ = {isa = PBXFileReference; lastKnownFileType = sourcecode.swift; path = Coordinator.swift; sourceTree = "<group>"; };
		F6D3D24A2A738A4E00FE38B3 /* CoordinatorDelegate.swift */ = {isa = PBXFileReference; lastKnownFileType = sourcecode.swift; path = CoordinatorDelegate.swift; sourceTree = "<group>"; };
		F6D3D24C2A738A5500FE38B3 /* AppCoordinator.swift */ = {isa = PBXFileReference; lastKnownFileType = sourcecode.swift; path = AppCoordinator.swift; sourceTree = "<group>"; };
		F6D3D24E2A738C0500FE38B3 /* CoordinatorCase.swift */ = {isa = PBXFileReference; lastKnownFileType = sourcecode.swift; path = CoordinatorCase.swift; sourceTree = "<group>"; };
		F6D3D2502A738FA700FE38B3 /* AppAppearance.swift */ = {isa = PBXFileReference; lastKnownFileType = sourcecode.swift; path = AppAppearance.swift; sourceTree = "<group>"; };
		F6D3D2552A73910E00FE38B3 /* TabBarCoordinator.swift */ = {isa = PBXFileReference; lastKnownFileType = sourcecode.swift; path = TabBarCoordinator.swift; sourceTree = "<group>"; };
		F6D3D2572A73912700FE38B3 /* HomeCoordinator.swift */ = {isa = PBXFileReference; lastKnownFileType = sourcecode.swift; path = HomeCoordinator.swift; sourceTree = "<group>"; };
		F6D3D25D2A73916600FE38B3 /* MyPageCoordinator.swift */ = {isa = PBXFileReference; lastKnownFileType = sourcecode.swift; path = MyPageCoordinator.swift; sourceTree = "<group>"; };
		F6D3D25F2A73916B00FE38B3 /* MyPageViewModel.swift */ = {isa = PBXFileReference; lastKnownFileType = sourcecode.swift; path = MyPageViewModel.swift; sourceTree = "<group>"; };
		F6D3D2612A73917700FE38B3 /* MyPageViewController.swift */ = {isa = PBXFileReference; lastKnownFileType = sourcecode.swift; path = MyPageViewController.swift; sourceTree = "<group>"; };
		F6D3D2632A73918500FE38B3 /* MyPageView.swift */ = {isa = PBXFileReference; lastKnownFileType = sourcecode.swift; path = MyPageView.swift; sourceTree = "<group>"; };
		F6D3D2662A7391BB00FE38B3 /* MyPageCollectionViewCell.swift */ = {isa = PBXFileReference; lastKnownFileType = sourcecode.swift; path = MyPageCollectionViewCell.swift; sourceTree = "<group>"; };
		F6D3D2682A73BAD200FE38B3 /* HeaderViewTableViewCell.swift */ = {isa = PBXFileReference; lastKnownFileType = sourcecode.swift; path = HeaderViewTableViewCell.swift; sourceTree = "<group>"; };
		F6D3D26F2A73CC7600FE38B3 /* RealmStorage.swift */ = {isa = PBXFileReference; lastKnownFileType = sourcecode.swift; path = RealmStorage.swift; sourceTree = "<group>"; };
		F6D3D2712A73CC8E00FE38B3 /* FavoriteListRealmDTO.swift */ = {isa = PBXFileReference; lastKnownFileType = sourcecode.swift; path = FavoriteListRealmDTO.swift; sourceTree = "<group>"; };
		F6D3D2732A73D22600FE38B3 /* RealmRepository.swift */ = {isa = PBXFileReference; lastKnownFileType = sourcecode.swift; path = RealmRepository.swift; sourceTree = "<group>"; };
		F6D3D2752A73D25E00FE38B3 /* RealmRepositoryType.swift */ = {isa = PBXFileReference; lastKnownFileType = sourcecode.swift; path = RealmRepositoryType.swift; sourceTree = "<group>"; };
		F6D3D2782A73E1D600FE38B3 /* FavoriteListUseCase.swift */ = {isa = PBXFileReference; lastKnownFileType = sourcecode.swift; path = FavoriteListUseCase.swift; sourceTree = "<group>"; };
/* End PBXFileReference section */

/* Begin PBXFrameworksBuildPhase section */
		F676D5672A582195008E9400 /* Frameworks */ = {
			isa = PBXFrameworksBuildPhase;
			buildActionMask = 2147483647;
			files = (
				F676D5962A582E7D008E9400 /* RxCocoa in Frameworks */,
				F676D5902A582E5D008E9400 /* Then in Frameworks */,
				F676D5982A582E7D008E9400 /* RxSwift in Frameworks */,
				F6D3D2402A7388EB00FE38B3 /* RealmSwift in Frameworks */,
				F676D5CB2A585EA4008E9400 /* Moya in Frameworks */,
				F676D6132A5C0CE5008E9400 /* RxDataSources in Frameworks */,
				F676D6112A5C0CE5008E9400 /* Differentiator in Frameworks */,
				F6D3D23E2A7388EB00FE38B3 /* Realm in Frameworks */,
				F6D3D26C2A73C56200FE38B3 /* Toast in Frameworks */,
				F676D5932A582E67008E9400 /* SnapKit in Frameworks */,
			);
			runOnlyForDeploymentPostprocessing = 0;
		};
/* End PBXFrameworksBuildPhase section */

/* Begin PBXGroup section */
		F676D5612A582195008E9400 = {
			isa = PBXGroup;
			children = (
				F676D56C2A582195008E9400 /* CleanArchitecturePractice */,
				F676D56B2A582195008E9400 /* Products */,
			);
			sourceTree = "<group>";
		};
		F676D56B2A582195008E9400 /* Products */ = {
			isa = PBXGroup;
			children = (
				F676D56A2A582195008E9400 /* CleanArchitecturePractice.app */,
			);
			name = Products;
			sourceTree = "<group>";
		};
		F676D56C2A582195008E9400 /* CleanArchitecturePractice */ = {
			isa = PBXGroup;
			children = (
				F676D5812A582B58008E9400 /* APIKey.swift */,
				F676D5832A582CD5008E9400 /* Application */,
				F676D5A42A583022008E9400 /* Extension */,
				F676D5A12A582F48008E9400 /* Global */,
				F676D5992A582EB4008E9400 /* Utils */,
				F676D5CC2A585F4C008E9400 /* Network */,
				F676D5B82A585910008E9400 /* Domain */,
				F676D5B72A585849008E9400 /* Data */,
				F676D5852A582CF9008E9400 /* Presentation */,
				F676D5762A582196008E9400 /* Assets.xcassets */,
				F676D5782A582196008E9400 /* LaunchScreen.storyboard */,
				F676D57B2A582196008E9400 /* Info.plist */,
			);
			path = CleanArchitecturePractice;
			sourceTree = "<group>";
		};
		F676D5832A582CD5008E9400 /* Application */ = {
			isa = PBXGroup;
			children = (
				F676D56D2A582195008E9400 /* AppDelegate.swift */,
				F676D56F2A582195008E9400 /* SceneDelegate.swift */,
				F6D3D2502A738FA700FE38B3 /* AppAppearance.swift */,
			);
			path = Application;
			sourceTree = "<group>";
		};
		F676D5852A582CF9008E9400 /* Presentation */ = {
			isa = PBXGroup;
			children = (
				F6D3D2452A738A2400FE38B3 /* Common */,
				F6D3D2442A738A1800FE38B3 /* TabBar */,
			);
			path = Presentation;
			sourceTree = "<group>";
		};
		F676D5862A582D06008E9400 /* Main */ = {
			isa = PBXGroup;
			children = (
				F676D5892A582D57008E9400 /* ViewModel */,
				F676D5872A582D4F008E9400 /* View */,
			);
			path = Main;
			sourceTree = "<group>";
		};
		F676D5872A582D4F008E9400 /* View */ = {
			isa = PBXGroup;
			children = (
				F676D5A72A5832A2008E9400 /* Cell */,
				F676D58C2A582D8B008E9400 /* MainView.swift */,
				F676D58A2A582D85008E9400 /* MainViewController.swift */,
			);
			path = View;
			sourceTree = "<group>";
		};
		F676D5892A582D57008E9400 /* ViewModel */ = {
			isa = PBXGroup;
			children = (
				F676D5B32A585446008E9400 /* MainViewModel.swift */,
			);
			path = ViewModel;
			sourceTree = "<group>";
		};
		F676D5992A582EB4008E9400 /* Utils */ = {
			isa = PBXGroup;
			children = (
				F6D3D2412A7389B100FE38B3 /* Constant */,
				F676D5AC2A58354B008E9400 /* CustomView */,
				F676D59A2A582EC2008E9400 /* Base */,
			);
			path = Utils;
			sourceTree = "<group>";
		};
		F676D59A2A582EC2008E9400 /* Base */ = {
			isa = PBXGroup;
			children = (
				F676D59B2A582EF0008E9400 /* BaseView.swift */,
				F676D59D2A582EF5008E9400 /* BaseViewController.swift */,
				F676D59F2A582EFB008E9400 /* BaseTableViewCell.swift */,
				F676D5B12A583A64008E9400 /* BaseCollectionViewCell.swift */,
			);
			path = Base;
			sourceTree = "<group>";
		};
		F676D5A12A582F48008E9400 /* Global */ = {
			isa = PBXGroup;
			children = (
				F676D5A22A582F56008E9400 /* Protocol.swift */,
			);
			path = Global;
			sourceTree = "<group>";
		};
		F676D5A42A583022008E9400 /* Extension */ = {
			isa = PBXGroup;
			children = (
				F676D5A52A583031008E9400 /* Cell+Ex.swift */,
			);
			path = Extension;
			sourceTree = "<group>";
		};
		F676D5A72A5832A2008E9400 /* Cell */ = {
			isa = PBXGroup;
			children = (
				F676D5AF2A583A25008E9400 /* MainCollectionViewCell.swift */,
			);
			path = Cell;
			sourceTree = "<group>";
		};
		F676D5AC2A58354B008E9400 /* CustomView */ = {
			isa = PBXGroup;
			children = (
			);
			path = CustomView;
			sourceTree = "<group>";
		};
		F676D5B52A58583B008E9400 /* UseCase */ = {
			isa = PBXGroup;
			children = (
				F6D3D2772A73E19B00FE38B3 /* Home */,
				F676D60A2A5BEA26008E9400 /* MyPage */,
			);
			path = UseCase;
			sourceTree = "<group>";
		};
		F676D5B62A585840008E9400 /* Interfaces */ = {
			isa = PBXGroup;
			children = (
				F676D5D12A5942B6008E9400 /* TMDBRepositoryType.swift */,
				F6D3D2752A73D25E00FE38B3 /* RealmRepositoryType.swift */,
			);
			path = Interfaces;
			sourceTree = "<group>";
		};
		F676D5B72A585849008E9400 /* Data */ = {
			isa = PBXGroup;
			children = (
				F6D3D26D2A73CC6400FE38B3 /* DataBase */,
				F676D5C02A5859B0008E9400 /* DataMapping */,
				F676D5BF2A585997008E9400 /* Repository */,
			);
			path = Data;
			sourceTree = "<group>";
		};
		F676D5B82A585910008E9400 /* Domain */ = {
			isa = PBXGroup;
			children = (
				F676D5B92A585914008E9400 /* Model */,
				F676D5B52A58583B008E9400 /* UseCase */,
				F676D5B62A585840008E9400 /* Interfaces */,
			);
			path = Domain;
			sourceTree = "<group>";
		};
		F676D5B92A585914008E9400 /* Model */ = {
			isa = PBXGroup;
			children = (
				F676D60D2A5BEA4D008E9400 /* Request */,
				F676D5BD2A585954008E9400 /* Response */,
			);
			path = Model;
			sourceTree = "<group>";
		};
		F676D5BD2A585954008E9400 /* Response */ = {
			isa = PBXGroup;
			children = (
				F676D5C12A585CA7008E9400 /* MovieResponse.swift */,
				F676D6192A5D7B02008E9400 /* GenreResponse.swift */,
				F676D5C32A585CAE008E9400 /* CastResponse.swift */,
				F676D5C52A585CDE008E9400 /* VideoResponse.swift */,
			);
			path = Response;
			sourceTree = "<group>";
		};
		F676D5BE2A58598E008E9400 /* ResponseDTO */ = {
			isa = PBXGroup;
			children = (
				F676D5D32A595281008E9400 /* MovieResponseDTO.swift */,
				F676D6172A5C6EED008E9400 /* CastResponseDTO.swift */,
				F676D61B2A5D7B45008E9400 /* GenreResponseDTO.swift */,
			);
			path = ResponseDTO;
			sourceTree = "<group>";
		};
		F676D5BF2A585997008E9400 /* Repository */ = {
			isa = PBXGroup;
			children = (
				F676D5C72A585DF1008E9400 /* TMDBRepository.swift */,
				F6D3D2732A73D22600FE38B3 /* RealmRepository.swift */,
			);
			path = Repository;
			sourceTree = "<group>";
		};
		F676D5C02A5859B0008E9400 /* DataMapping */ = {
			isa = PBXGroup;
			children = (
				F6D3D26E2A73CC6900FE38B3 /* RealmDTO */,
				F676D60E2A5BEA5C008E9400 /* RequestDTO */,
				F676D5BE2A58598E008E9400 /* ResponseDTO */,
			);
			path = DataMapping;
			sourceTree = "<group>";
		};
		F676D5CC2A585F4C008E9400 /* Network */ = {
			isa = PBXGroup;
			children = (
				F676D5CD2A585F66008E9400 /* TMDBTarget.swift */,
				F676D5CF2A5861B9008E9400 /* EndPoint.swift */,
			);
			path = Network;
			sourceTree = "<group>";
		};
		F676D5FA2A5BE30C008E9400 /* Detail */ = {
			isa = PBXGroup;
			children = (
				F676D6162A5C2DA1008E9400 /* Model */,
				F676D5FC2A5BE31F008E9400 /* ViewModel */,
				F676D5FB2A5BE31C008E9400 /* View */,
			);
			path = Detail;
			sourceTree = "<group>";
		};
		F676D5FB2A5BE31C008E9400 /* View */ = {
			isa = PBXGroup;
			children = (
				F676D6032A5BE351008E9400 /* Cell */,
				F676D5FF2A5BE334008E9400 /* DetailView.swift */,
				F676D6012A5BE33A008E9400 /* DetailViewController.swift */,
			);
			path = View;
			sourceTree = "<group>";
		};
		F676D5FC2A5BE31F008E9400 /* ViewModel */ = {
			isa = PBXGroup;
			children = (
				F676D5FD2A5BE328008E9400 /* DetailViewModel.swift */,
			);
			path = ViewModel;
			sourceTree = "<group>";
		};
		F676D6032A5BE351008E9400 /* Cell */ = {
			isa = PBXGroup;
			children = (
				F676D6082A5BE389008E9400 /* DetailHeaderView.swift */,
				F6D3D2682A73BAD200FE38B3 /* HeaderViewTableViewCell.swift */,
				F676D6042A5BE36C008E9400 /* OverViewTableViewCell.swift */,
				F676D6062A5BE374008E9400 /* CastTableViewCell.swift */,
			);
			path = Cell;
			sourceTree = "<group>";
		};
		F676D60A2A5BEA26008E9400 /* MyPage */ = {
			isa = PBXGroup;
			children = (
				F6D3D2782A73E1D600FE38B3 /* FavoriteListUseCase.swift */,
			);
			path = MyPage;
			sourceTree = "<group>";
		};
		F676D60D2A5BEA4D008E9400 /* Request */ = {
			isa = PBXGroup;
			children = (
			);
			path = Request;
			sourceTree = "<group>";
		};
		F676D60E2A5BEA5C008E9400 /* RequestDTO */ = {
			isa = PBXGroup;
			children = (
			);
			path = RequestDTO;
			sourceTree = "<group>";
		};
		F676D6162A5C2DA1008E9400 /* Model */ = {
			isa = PBXGroup;
			children = (
				F676D6142A5C15E8008E9400 /* SectionModel.swift */,
			);
			path = Model;
			sourceTree = "<group>";
		};
		F6D3D2412A7389B100FE38B3 /* Constant */ = {
			isa = PBXGroup;
			children = (
				F6D3D2422A7389BC00FE38B3 /* TabBarPageCase.swift */,
				F6D3D24E2A738C0500FE38B3 /* CoordinatorCase.swift */,
			);
			path = Constant;
			sourceTree = "<group>";
		};
		F6D3D2442A738A1800FE38B3 /* TabBar */ = {
			isa = PBXGroup;
			children = (
				F6D3D2522A73905B00FE38B3 /* Coordinator */,
				F6D3D2532A7390F000FE38B3 /* Home */,
				F6D3D2592A73913000FE38B3 /* MyPage */,
			);
			path = TabBar;
			sourceTree = "<group>";
		};
		F6D3D2452A738A2400FE38B3 /* Common */ = {
			isa = PBXGroup;
			children = (
				F6D3D2462A738A2F00FE38B3 /* Coordinator */,
			);
			path = Common;
			sourceTree = "<group>";
		};
		F6D3D2462A738A2F00FE38B3 /* Coordinator */ = {
			isa = PBXGroup;
			children = (
				F6D3D2472A738A3B00FE38B3 /* Protocol */,
				F6D3D24C2A738A5500FE38B3 /* AppCoordinator.swift */,
			);
			path = Coordinator;
			sourceTree = "<group>";
		};
		F6D3D2472A738A3B00FE38B3 /* Protocol */ = {
			isa = PBXGroup;
			children = (
				F6D3D2482A738A4800FE38B3 /* Coordinator.swift */,
				F6D3D24A2A738A4E00FE38B3 /* CoordinatorDelegate.swift */,
			);
			path = Protocol;
			sourceTree = "<group>";
		};
		F6D3D2522A73905B00FE38B3 /* Coordinator */ = {
			isa = PBXGroup;
			children = (
				F6D3D2552A73910E00FE38B3 /* TabBarCoordinator.swift */,
			);
			path = Coordinator;
			sourceTree = "<group>";
		};
		F6D3D2532A7390F000FE38B3 /* Home */ = {
			isa = PBXGroup;
			children = (
				F6D3D2542A73910200FE38B3 /* Coordinator */,
				F676D5862A582D06008E9400 /* Main */,
				F676D5FA2A5BE30C008E9400 /* Detail */,
			);
			path = Home;
			sourceTree = "<group>";
		};
		F6D3D2542A73910200FE38B3 /* Coordinator */ = {
			isa = PBXGroup;
			children = (
				F6D3D2572A73912700FE38B3 /* HomeCoordinator.swift */,
			);
			path = Coordinator;
			sourceTree = "<group>";
		};
		F6D3D2592A73913000FE38B3 /* MyPage */ = {
			isa = PBXGroup;
			children = (
				F6D3D25A2A73913F00FE38B3 /* Coordinator */,
				F6D3D25C2A73914300FE38B3 /* ViewModel */,
				F6D3D25B2A73914100FE38B3 /* View */,
			);
			path = MyPage;
			sourceTree = "<group>";
		};
		F6D3D25A2A73913F00FE38B3 /* Coordinator */ = {
			isa = PBXGroup;
			children = (
				F6D3D25D2A73916600FE38B3 /* MyPageCoordinator.swift */,
			);
			path = Coordinator;
			sourceTree = "<group>";
		};
		F6D3D25B2A73914100FE38B3 /* View */ = {
			isa = PBXGroup;
			children = (
				F6D3D2652A73918E00FE38B3 /* Cell */,
				F6D3D2612A73917700FE38B3 /* MyPageViewController.swift */,
				F6D3D2632A73918500FE38B3 /* MyPageView.swift */,
			);
			path = View;
			sourceTree = "<group>";
		};
		F6D3D25C2A73914300FE38B3 /* ViewModel */ = {
			isa = PBXGroup;
			children = (
				F6D3D25F2A73916B00FE38B3 /* MyPageViewModel.swift */,
			);
			path = ViewModel;
			sourceTree = "<group>";
		};
		F6D3D2652A73918E00FE38B3 /* Cell */ = {
			isa = PBXGroup;
			children = (
				F6D3D2662A7391BB00FE38B3 /* MyPageCollectionViewCell.swift */,
			);
			path = Cell;
			sourceTree = "<group>";
		};
		F6D3D26D2A73CC6400FE38B3 /* DataBase */ = {
			isa = PBXGroup;
			children = (
				F6D3D26F2A73CC7600FE38B3 /* RealmStorage.swift */,
			);
			path = DataBase;
			sourceTree = "<group>";
		};
		F6D3D26E2A73CC6900FE38B3 /* RealmDTO */ = {
			isa = PBXGroup;
			children = (
				F6D3D2712A73CC8E00FE38B3 /* FavoriteListRealmDTO.swift */,
			);
			path = RealmDTO;
			sourceTree = "<group>";
		};
		F6D3D2772A73E19B00FE38B3 /* Home */ = {
			isa = PBXGroup;
			children = (
				F676D5BB2A58594B008E9400 /* MainUseCase.swift */,
				F676D60B2A5BEA41008E9400 /* DetailUseCase.swift */,
			);
			path = Home;
			sourceTree = "<group>";
		};
/* End PBXGroup section */

/* Begin PBXNativeTarget section */
		F676D5692A582195008E9400 /* CleanArchitecturePractice */ = {
			isa = PBXNativeTarget;
			buildConfigurationList = F676D57E2A582196008E9400 /* Build configuration list for PBXNativeTarget "CleanArchitecturePractice" */;
			buildPhases = (
				F676D5662A582195008E9400 /* Sources */,
				F676D5672A582195008E9400 /* Frameworks */,
				F676D5682A582195008E9400 /* Resources */,
			);
			buildRules = (
			);
			dependencies = (
			);
			name = CleanArchitecturePractice;
			packageProductDependencies = (
				F676D58F2A582E5D008E9400 /* Then */,
				F676D5922A582E67008E9400 /* SnapKit */,
				F676D5952A582E7D008E9400 /* RxCocoa */,
				F676D5972A582E7D008E9400 /* RxSwift */,
				F676D5CA2A585EA4008E9400 /* Moya */,
				F676D6102A5C0CE5008E9400 /* Differentiator */,
				F676D6122A5C0CE5008E9400 /* RxDataSources */,
				F6D3D23D2A7388EB00FE38B3 /* Realm */,
				F6D3D23F2A7388EB00FE38B3 /* RealmSwift */,
				F6D3D26B2A73C56200FE38B3 /* Toast */,
			);
			productName = CleanArchitecturePractice;
			productReference = F676D56A2A582195008E9400 /* CleanArchitecturePractice.app */;
			productType = "com.apple.product-type.application";
		};
/* End PBXNativeTarget section */

/* Begin PBXProject section */
		F676D5622A582195008E9400 /* Project object */ = {
			isa = PBXProject;
			attributes = {
				BuildIndependentTargetsInParallel = 1;
				LastSwiftUpdateCheck = 1430;
				LastUpgradeCheck = 1430;
				TargetAttributes = {
					F676D5692A582195008E9400 = {
						CreatedOnToolsVersion = 14.3;
					};
				};
			};
			buildConfigurationList = F676D5652A582195008E9400 /* Build configuration list for PBXProject "CleanArchitecturePractice" */;
			compatibilityVersion = "Xcode 14.0";
			developmentRegion = en;
			hasScannedForEncodings = 0;
			knownRegions = (
				en,
				Base,
			);
			mainGroup = F676D5612A582195008E9400;
			packageReferences = (
				F676D58E2A582E5D008E9400 /* XCRemoteSwiftPackageReference "Then" */,
				F676D5912A582E67008E9400 /* XCRemoteSwiftPackageReference "SnapKit" */,
				F676D5942A582E7D008E9400 /* XCRemoteSwiftPackageReference "RxSwift" */,
				F676D5C92A585EA4008E9400 /* XCRemoteSwiftPackageReference "Moya" */,
				F676D60F2A5C0CE5008E9400 /* XCRemoteSwiftPackageReference "RxDataSources" */,
				F6D3D23C2A7388EB00FE38B3 /* XCRemoteSwiftPackageReference "realm-swift" */,
				F6D3D26A2A73C56200FE38B3 /* XCRemoteSwiftPackageReference "Toast-Swift" */,
			);
			productRefGroup = F676D56B2A582195008E9400 /* Products */;
			projectDirPath = "";
			projectRoot = "";
			targets = (
				F676D5692A582195008E9400 /* CleanArchitecturePractice */,
			);
		};
/* End PBXProject section */

/* Begin PBXResourcesBuildPhase section */
		F676D5682A582195008E9400 /* Resources */ = {
			isa = PBXResourcesBuildPhase;
			buildActionMask = 2147483647;
			files = (
				F676D57A2A582196008E9400 /* LaunchScreen.storyboard in Resources */,
				F676D5772A582196008E9400 /* Assets.xcassets in Resources */,
			);
			runOnlyForDeploymentPostprocessing = 0;
		};
/* End PBXResourcesBuildPhase section */

/* Begin PBXSourcesBuildPhase section */
		F676D5662A582195008E9400 /* Sources */ = {
			isa = PBXSourcesBuildPhase;
			buildActionMask = 2147483647;
			files = (
				F676D58D2A582D8B008E9400 /* MainView.swift in Sources */,
				F6D3D2672A7391BB00FE38B3 /* MyPageCollectionViewCell.swift in Sources */,
				F6D3D24D2A738A5500FE38B3 /* AppCoordinator.swift in Sources */,
				F6D3D24F2A738C0500FE38B3 /* CoordinatorCase.swift in Sources */,
				F6D3D2512A738FA700FE38B3 /* AppAppearance.swift in Sources */,
				F676D6002A5BE334008E9400 /* DetailView.swift in Sources */,
				F676D6022A5BE33A008E9400 /* DetailViewController.swift in Sources */,
				F676D60C2A5BEA41008E9400 /* DetailUseCase.swift in Sources */,
				F6D3D2602A73916B00FE38B3 /* MyPageViewModel.swift in Sources */,
				F676D56E2A582195008E9400 /* AppDelegate.swift in Sources */,
				F676D5C82A585DF1008E9400 /* TMDBRepository.swift in Sources */,
				F676D5D02A5861B9008E9400 /* EndPoint.swift in Sources */,
				F676D5B22A583A64008E9400 /* BaseCollectionViewCell.swift in Sources */,
				F676D5D42A595281008E9400 /* MovieResponseDTO.swift in Sources */,
				F676D5B42A585446008E9400 /* MainViewModel.swift in Sources */,
				F676D5822A582B58008E9400 /* APIKey.swift in Sources */,
				F6D3D24B2A738A4E00FE38B3 /* CoordinatorDelegate.swift in Sources */,
				F676D5A02A582EFB008E9400 /* BaseTableViewCell.swift in Sources */,
				F676D5B02A583A25008E9400 /* MainCollectionViewCell.swift in Sources */,
				F676D6092A5BE389008E9400 /* DetailHeaderView.swift in Sources */,
				F6D3D2562A73910E00FE38B3 /* TabBarCoordinator.swift in Sources */,
				F6D3D2432A7389BC00FE38B3 /* TabBarPageCase.swift in Sources */,
				F676D61A2A5D7B02008E9400 /* GenreResponse.swift in Sources */,
				F676D59C2A582EF0008E9400 /* BaseView.swift in Sources */,
				F676D5FE2A5BE328008E9400 /* DetailViewModel.swift in Sources */,
				F676D5BC2A58594B008E9400 /* MainUseCase.swift in Sources */,
				F676D5D22A5942B6008E9400 /* TMDBRepositoryType.swift in Sources */,
				F676D5C62A585CDE008E9400 /* VideoResponse.swift in Sources */,
				F676D61C2A5D7B46008E9400 /* GenreResponseDTO.swift in Sources */,
				F676D5A62A583031008E9400 /* Cell+Ex.swift in Sources */,
				F676D6182A5C6EED008E9400 /* CastResponseDTO.swift in Sources */,
				F676D5CE2A585F66008E9400 /* TMDBTarget.swift in Sources */,
				F676D59E2A582EF5008E9400 /* BaseViewController.swift in Sources */,
				F6D3D2642A73918500FE38B3 /* MyPageView.swift in Sources */,
				F6D3D25E2A73916600FE38B3 /* MyPageCoordinator.swift in Sources */,
				F6D3D2702A73CC7600FE38B3 /* RealmStorage.swift in Sources */,
				F676D6152A5C15E8008E9400 /* SectionModel.swift in Sources */,
				F6D3D2492A738A4800FE38B3 /* Coordinator.swift in Sources */,
				F676D5C22A585CA7008E9400 /* MovieResponse.swift in Sources */,
				F676D5702A582195008E9400 /* SceneDelegate.swift in Sources */,
				F6D3D2722A73CC8E00FE38B3 /* FavoriteListRealmDTO.swift in Sources */,
				F6D3D2792A73E1D600FE38B3 /* FavoriteListUseCase.swift in Sources */,
				F676D6052A5BE36C008E9400 /* OverViewTableViewCell.swift in Sources */,
				F676D5C42A585CAE008E9400 /* CastResponse.swift in Sources */,
				F6D3D2622A73917700FE38B3 /* MyPageViewController.swift in Sources */,
				F6D3D2582A73912700FE38B3 /* HomeCoordinator.swift in Sources */,
				F6D3D2742A73D22600FE38B3 /* RealmRepository.swift in Sources */,
				F6D3D2762A73D25E00FE38B3 /* RealmRepositoryType.swift in Sources */,
				F6D3D2692A73BAD200FE38B3 /* HeaderViewTableViewCell.swift in Sources */,
				F676D58B2A582D85008E9400 /* MainViewController.swift in Sources */,
				F676D5A32A582F56008E9400 /* Protocol.swift in Sources */,
				F676D6072A5BE374008E9400 /* CastTableViewCell.swift in Sources */,
			);
			runOnlyForDeploymentPostprocessing = 0;
		};
/* End PBXSourcesBuildPhase section */

/* Begin PBXVariantGroup section */
		F676D5782A582196008E9400 /* LaunchScreen.storyboard */ = {
			isa = PBXVariantGroup;
			children = (
				F676D5792A582196008E9400 /* Base */,
			);
			name = LaunchScreen.storyboard;
			sourceTree = "<group>";
		};
/* End PBXVariantGroup section */

/* Begin XCBuildConfiguration section */
		F676D57C2A582196008E9400 /* Debug */ = {
			isa = XCBuildConfiguration;
			buildSettings = {
				ALWAYS_SEARCH_USER_PATHS = NO;
				CLANG_ANALYZER_NONNULL = YES;
				CLANG_ANALYZER_NUMBER_OBJECT_CONVERSION = YES_AGGRESSIVE;
				CLANG_CXX_LANGUAGE_STANDARD = "gnu++20";
				CLANG_ENABLE_MODULES = YES;
				CLANG_ENABLE_OBJC_ARC = YES;
				CLANG_ENABLE_OBJC_WEAK = YES;
				CLANG_WARN_BLOCK_CAPTURE_AUTORELEASING = YES;
				CLANG_WARN_BOOL_CONVERSION = YES;
				CLANG_WARN_COMMA = YES;
				CLANG_WARN_CONSTANT_CONVERSION = YES;
				CLANG_WARN_DEPRECATED_OBJC_IMPLEMENTATIONS = YES;
				CLANG_WARN_DIRECT_OBJC_ISA_USAGE = YES_ERROR;
				CLANG_WARN_DOCUMENTATION_COMMENTS = YES;
				CLANG_WARN_EMPTY_BODY = YES;
				CLANG_WARN_ENUM_CONVERSION = YES;
				CLANG_WARN_INFINITE_RECURSION = YES;
				CLANG_WARN_INT_CONVERSION = YES;
				CLANG_WARN_NON_LITERAL_NULL_CONVERSION = YES;
				CLANG_WARN_OBJC_IMPLICIT_RETAIN_SELF = YES;
				CLANG_WARN_OBJC_LITERAL_CONVERSION = YES;
				CLANG_WARN_OBJC_ROOT_CLASS = YES_ERROR;
				CLANG_WARN_QUOTED_INCLUDE_IN_FRAMEWORK_HEADER = YES;
				CLANG_WARN_RANGE_LOOP_ANALYSIS = YES;
				CLANG_WARN_STRICT_PROTOTYPES = YES;
				CLANG_WARN_SUSPICIOUS_MOVE = YES;
				CLANG_WARN_UNGUARDED_AVAILABILITY = YES_AGGRESSIVE;
				CLANG_WARN_UNREACHABLE_CODE = YES;
				CLANG_WARN__DUPLICATE_METHOD_MATCH = YES;
				COPY_PHASE_STRIP = NO;
				DEBUG_INFORMATION_FORMAT = dwarf;
				ENABLE_STRICT_OBJC_MSGSEND = YES;
				ENABLE_TESTABILITY = YES;
				GCC_C_LANGUAGE_STANDARD = gnu11;
				GCC_DYNAMIC_NO_PIC = NO;
				GCC_NO_COMMON_BLOCKS = YES;
				GCC_OPTIMIZATION_LEVEL = 0;
				GCC_PREPROCESSOR_DEFINITIONS = (
					"DEBUG=1",
					"$(inherited)",
				);
				GCC_WARN_64_TO_32_BIT_CONVERSION = YES;
				GCC_WARN_ABOUT_RETURN_TYPE = YES_ERROR;
				GCC_WARN_UNDECLARED_SELECTOR = YES;
				GCC_WARN_UNINITIALIZED_AUTOS = YES_AGGRESSIVE;
				GCC_WARN_UNUSED_FUNCTION = YES;
				GCC_WARN_UNUSED_VARIABLE = YES;
				IPHONEOS_DEPLOYMENT_TARGET = 16.4;
				MTL_ENABLE_DEBUG_INFO = INCLUDE_SOURCE;
				MTL_FAST_MATH = YES;
				ONLY_ACTIVE_ARCH = YES;
				SDKROOT = iphoneos;
				SWIFT_ACTIVE_COMPILATION_CONDITIONS = DEBUG;
				SWIFT_OPTIMIZATION_LEVEL = "-Onone";
			};
			name = Debug;
		};
		F676D57D2A582196008E9400 /* Release */ = {
			isa = XCBuildConfiguration;
			buildSettings = {
				ALWAYS_SEARCH_USER_PATHS = NO;
				CLANG_ANALYZER_NONNULL = YES;
				CLANG_ANALYZER_NUMBER_OBJECT_CONVERSION = YES_AGGRESSIVE;
				CLANG_CXX_LANGUAGE_STANDARD = "gnu++20";
				CLANG_ENABLE_MODULES = YES;
				CLANG_ENABLE_OBJC_ARC = YES;
				CLANG_ENABLE_OBJC_WEAK = YES;
				CLANG_WARN_BLOCK_CAPTURE_AUTORELEASING = YES;
				CLANG_WARN_BOOL_CONVERSION = YES;
				CLANG_WARN_COMMA = YES;
				CLANG_WARN_CONSTANT_CONVERSION = YES;
				CLANG_WARN_DEPRECATED_OBJC_IMPLEMENTATIONS = YES;
				CLANG_WARN_DIRECT_OBJC_ISA_USAGE = YES_ERROR;
				CLANG_WARN_DOCUMENTATION_COMMENTS = YES;
				CLANG_WARN_EMPTY_BODY = YES;
				CLANG_WARN_ENUM_CONVERSION = YES;
				CLANG_WARN_INFINITE_RECURSION = YES;
				CLANG_WARN_INT_CONVERSION = YES;
				CLANG_WARN_NON_LITERAL_NULL_CONVERSION = YES;
				CLANG_WARN_OBJC_IMPLICIT_RETAIN_SELF = YES;
				CLANG_WARN_OBJC_LITERAL_CONVERSION = YES;
				CLANG_WARN_OBJC_ROOT_CLASS = YES_ERROR;
				CLANG_WARN_QUOTED_INCLUDE_IN_FRAMEWORK_HEADER = YES;
				CLANG_WARN_RANGE_LOOP_ANALYSIS = YES;
				CLANG_WARN_STRICT_PROTOTYPES = YES;
				CLANG_WARN_SUSPICIOUS_MOVE = YES;
				CLANG_WARN_UNGUARDED_AVAILABILITY = YES_AGGRESSIVE;
				CLANG_WARN_UNREACHABLE_CODE = YES;
				CLANG_WARN__DUPLICATE_METHOD_MATCH = YES;
				COPY_PHASE_STRIP = NO;
				DEBUG_INFORMATION_FORMAT = "dwarf-with-dsym";
				ENABLE_NS_ASSERTIONS = NO;
				ENABLE_STRICT_OBJC_MSGSEND = YES;
				GCC_C_LANGUAGE_STANDARD = gnu11;
				GCC_NO_COMMON_BLOCKS = YES;
				GCC_WARN_64_TO_32_BIT_CONVERSION = YES;
				GCC_WARN_ABOUT_RETURN_TYPE = YES_ERROR;
				GCC_WARN_UNDECLARED_SELECTOR = YES;
				GCC_WARN_UNINITIALIZED_AUTOS = YES_AGGRESSIVE;
				GCC_WARN_UNUSED_FUNCTION = YES;
				GCC_WARN_UNUSED_VARIABLE = YES;
				IPHONEOS_DEPLOYMENT_TARGET = 16.4;
				MTL_ENABLE_DEBUG_INFO = NO;
				MTL_FAST_MATH = YES;
				SDKROOT = iphoneos;
				SWIFT_COMPILATION_MODE = wholemodule;
				SWIFT_OPTIMIZATION_LEVEL = "-O";
				VALIDATE_PRODUCT = YES;
			};
			name = Release;
		};
		F676D57F2A582196008E9400 /* Debug */ = {
			isa = XCBuildConfiguration;
			buildSettings = {
				ASSETCATALOG_COMPILER_APPICON_NAME = AppIcon;
				ASSETCATALOG_COMPILER_GLOBAL_ACCENT_COLOR_NAME = AccentColor;
				CODE_SIGN_STYLE = Automatic;
				CURRENT_PROJECT_VERSION = 1;
				DEVELOPMENT_TEAM = FJNF7APGSX;
				GENERATE_INFOPLIST_FILE = YES;
				INFOPLIST_FILE = CleanArchitecturePractice/Info.plist;
				INFOPLIST_KEY_UIApplicationSupportsIndirectInputEvents = YES;
				INFOPLIST_KEY_UILaunchStoryboardName = LaunchScreen;
				INFOPLIST_KEY_UISupportedInterfaceOrientations_iPad = "UIInterfaceOrientationPortrait UIInterfaceOrientationPortraitUpsideDown UIInterfaceOrientationLandscapeLeft UIInterfaceOrientationLandscapeRight";
				INFOPLIST_KEY_UISupportedInterfaceOrientations_iPhone = "UIInterfaceOrientationPortrait UIInterfaceOrientationLandscapeLeft UIInterfaceOrientationLandscapeRight";
				LD_RUNPATH_SEARCH_PATHS = (
					"$(inherited)",
					"@executable_path/Frameworks",
				);
				MARKETING_VERSION = 1.0;
				PRODUCT_BUNDLE_IDENTIFIER = com.rOarMJ.CleanArchitecturePractice;
				PRODUCT_NAME = "$(TARGET_NAME)";
				SWIFT_EMIT_LOC_STRINGS = YES;
				SWIFT_VERSION = 5.0;
				TARGETED_DEVICE_FAMILY = "1,2";
			};
			name = Debug;
		};
		F676D5802A582196008E9400 /* Release */ = {
			isa = XCBuildConfiguration;
			buildSettings = {
				ASSETCATALOG_COMPILER_APPICON_NAME = AppIcon;
				ASSETCATALOG_COMPILER_GLOBAL_ACCENT_COLOR_NAME = AccentColor;
				CODE_SIGN_STYLE = Automatic;
				CURRENT_PROJECT_VERSION = 1;
				DEVELOPMENT_TEAM = FJNF7APGSX;
				GENERATE_INFOPLIST_FILE = YES;
				INFOPLIST_FILE = CleanArchitecturePractice/Info.plist;
				INFOPLIST_KEY_UIApplicationSupportsIndirectInputEvents = YES;
				INFOPLIST_KEY_UILaunchStoryboardName = LaunchScreen;
				INFOPLIST_KEY_UISupportedInterfaceOrientations_iPad = "UIInterfaceOrientationPortrait UIInterfaceOrientationPortraitUpsideDown UIInterfaceOrientationLandscapeLeft UIInterfaceOrientationLandscapeRight";
				INFOPLIST_KEY_UISupportedInterfaceOrientations_iPhone = "UIInterfaceOrientationPortrait UIInterfaceOrientationLandscapeLeft UIInterfaceOrientationLandscapeRight";
				LD_RUNPATH_SEARCH_PATHS = (
					"$(inherited)",
					"@executable_path/Frameworks",
				);
				MARKETING_VERSION = 1.0;
				PRODUCT_BUNDLE_IDENTIFIER = com.rOarMJ.CleanArchitecturePractice;
				PRODUCT_NAME = "$(TARGET_NAME)";
				SWIFT_EMIT_LOC_STRINGS = YES;
				SWIFT_VERSION = 5.0;
				TARGETED_DEVICE_FAMILY = "1,2";
			};
			name = Release;
		};
/* End XCBuildConfiguration section */

/* Begin XCConfigurationList section */
		F676D5652A582195008E9400 /* Build configuration list for PBXProject "CleanArchitecturePractice" */ = {
			isa = XCConfigurationList;
			buildConfigurations = (
				F676D57C2A582196008E9400 /* Debug */,
				F676D57D2A582196008E9400 /* Release */,
			);
			defaultConfigurationIsVisible = 0;
			defaultConfigurationName = Release;
		};
		F676D57E2A582196008E9400 /* Build configuration list for PBXNativeTarget "CleanArchitecturePractice" */ = {
			isa = XCConfigurationList;
			buildConfigurations = (
				F676D57F2A582196008E9400 /* Debug */,
				F676D5802A582196008E9400 /* Release */,
			);
			defaultConfigurationIsVisible = 0;
			defaultConfigurationName = Release;
		};
/* End XCConfigurationList section */

/* Begin XCRemoteSwiftPackageReference section */
		F676D58E2A582E5D008E9400 /* XCRemoteSwiftPackageReference "Then" */ = {
			isa = XCRemoteSwiftPackageReference;
			repositoryURL = "https://github.com/devxoul/Then.git";
			requirement = {
				kind = upToNextMajorVersion;
				minimumVersion = 3.0.0;
			};
		};
		F676D5912A582E67008E9400 /* XCRemoteSwiftPackageReference "SnapKit" */ = {
			isa = XCRemoteSwiftPackageReference;
			repositoryURL = "https://github.com/SnapKit/SnapKit.git";
			requirement = {
				kind = upToNextMajorVersion;
				minimumVersion = 5.0.0;
			};
		};
		F676D5942A582E7D008E9400 /* XCRemoteSwiftPackageReference "RxSwift" */ = {
			isa = XCRemoteSwiftPackageReference;
			repositoryURL = "https://github.com/ReactiveX/RxSwift.git";
			requirement = {
				kind = upToNextMajorVersion;
				minimumVersion = 6.0.0;
			};
		};
		F676D5C92A585EA4008E9400 /* XCRemoteSwiftPackageReference "Moya" */ = {
			isa = XCRemoteSwiftPackageReference;
			repositoryURL = "https://github.com/Moya/Moya.git";
			requirement = {
				kind = upToNextMajorVersion;
				minimumVersion = 15.0.0;
			};
		};
		F676D60F2A5C0CE5008E9400 /* XCRemoteSwiftPackageReference "RxDataSources" */ = {
			isa = XCRemoteSwiftPackageReference;
			repositoryURL = "https://github.com/RxSwiftCommunity/RxDataSources.git";
			requirement = {
				kind = upToNextMajorVersion;
				minimumVersion = 5.0.0;
			};
		};
		F6D3D23C2A7388EB00FE38B3 /* XCRemoteSwiftPackageReference "realm-swift" */ = {
			isa = XCRemoteSwiftPackageReference;
			repositoryURL = "https://github.com/realm/realm-swift.git";
			requirement = {
				branch = master;
				kind = branch;
			};
		};
		F6D3D26A2A73C56200FE38B3 /* XCRemoteSwiftPackageReference "Toast-Swift" */ = {
			isa = XCRemoteSwiftPackageReference;
			repositoryURL = "https://github.com/scalessec/Toast-Swift.git";
			requirement = {
				kind = upToNextMajorVersion;
				minimumVersion = 5.0.0;
			};
		};
/* End XCRemoteSwiftPackageReference section */

/* Begin XCSwiftPackageProductDependency section */
		F676D58F2A582E5D008E9400 /* Then */ = {
			isa = XCSwiftPackageProductDependency;
			package = F676D58E2A582E5D008E9400 /* XCRemoteSwiftPackageReference "Then" */;
			productName = Then;
		};
		F676D5922A582E67008E9400 /* SnapKit */ = {
			isa = XCSwiftPackageProductDependency;
			package = F676D5912A582E67008E9400 /* XCRemoteSwiftPackageReference "SnapKit" */;
			productName = SnapKit;
		};
		F676D5952A582E7D008E9400 /* RxCocoa */ = {
			isa = XCSwiftPackageProductDependency;
			package = F676D5942A582E7D008E9400 /* XCRemoteSwiftPackageReference "RxSwift" */;
			productName = RxCocoa;
		};
		F676D5972A582E7D008E9400 /* RxSwift */ = {
			isa = XCSwiftPackageProductDependency;
			package = F676D5942A582E7D008E9400 /* XCRemoteSwiftPackageReference "RxSwift" */;
			productName = RxSwift;
		};
		F676D5CA2A585EA4008E9400 /* Moya */ = {
			isa = XCSwiftPackageProductDependency;
			package = F676D5C92A585EA4008E9400 /* XCRemoteSwiftPackageReference "Moya" */;
			productName = Moya;
		};
		F676D6102A5C0CE5008E9400 /* Differentiator */ = {
			isa = XCSwiftPackageProductDependency;
			package = F676D60F2A5C0CE5008E9400 /* XCRemoteSwiftPackageReference "RxDataSources" */;
			productName = Differentiator;
		};
		F676D6122A5C0CE5008E9400 /* RxDataSources */ = {
			isa = XCSwiftPackageProductDependency;
			package = F676D60F2A5C0CE5008E9400 /* XCRemoteSwiftPackageReference "RxDataSources" */;
			productName = RxDataSources;
		};
		F6D3D23D2A7388EB00FE38B3 /* Realm */ = {
			isa = XCSwiftPackageProductDependency;
			package = F6D3D23C2A7388EB00FE38B3 /* XCRemoteSwiftPackageReference "realm-swift" */;
			productName = Realm;
		};
		F6D3D23F2A7388EB00FE38B3 /* RealmSwift */ = {
			isa = XCSwiftPackageProductDependency;
			package = F6D3D23C2A7388EB00FE38B3 /* XCRemoteSwiftPackageReference "realm-swift" */;
			productName = RealmSwift;
		};
		F6D3D26B2A73C56200FE38B3 /* Toast */ = {
			isa = XCSwiftPackageProductDependency;
			package = F6D3D26A2A73C56200FE38B3 /* XCRemoteSwiftPackageReference "Toast-Swift" */;
			productName = Toast;
		};
/* End XCSwiftPackageProductDependency section */
	};
	rootObject = F676D5622A582195008E9400 /* Project object */;
}
